
Microsoft Visual Studio Solution File, Format Version 12.00
# Visual Studio 15
VisualStudioVersion = 15.0.27703.2035
MinimumVisualStudioVersion = 10.0.40219.1
Project("{FAE04EC0-301F-11D3-BF4B-00C04F79EFBC}") = "PropertyApp", "PropertyApp\PropertyApp.csproj", "{EDA0B7C7-FB7C-433D-A0EE-70C99D773729}"
EndProject
Global
	GlobalSection(SolutionConfigurationPlatforms) = preSolution
		Debug|Any CPU = Debug|Any CPU
		Release|Any CPU = Release|Any CPU
	EndGlobalSection
	GlobalSection(ProjectConfigurationPlatforms) = postSolution
		{EDA0B7C7-FB7C-433D-A0EE-70C99D773729}.Debug|Any CPU.ActiveCfg = Debug|Any CPU
		{EDA0B7C7-FB7C-433D-A0EE-70C99D773729}.Debug|Any CPU.Build.0 = Debug|Any CPU
		{EDA0B7C7-FB7C-433D-A0EE-70C99D773729}.Release|Any CPU.ActiveCfg = Release|Any CPU
		{EDA0B7C7-FB7C-433D-A0EE-70C99D773729}.Release|Any CPU.Build.0 = Release|Any CPU
	EndGlobalSection
	GlobalSection(SolutionProperties) = preSolution
		HideSolutionNode = FALSE
	EndGlobalSection
	GlobalSection(ExtensibilityGlobals) = postSolution
		SolutionGuid = {16C617E1-9FB8-4CBA-8CC7-99F3F6BA91F9}
	EndGlobalSection
EndGlobal
