
Microsoft Visual Studio Solution File, Format Version 12.00
# Visual Studio 15
VisualStudioVersion = 15.0.27703.2035
MinimumVisualStudioVersion = 10.0.40219.1
Project("{FAE04EC0-301F-11D3-BF4B-00C04F79EFBC}") = "SalaryApp", "SalaryApp\SalaryApp.csproj", "{9FF32847-1CE7-440C-9C08-D50A2211A694}"
EndProject
Global
	GlobalSection(SolutionConfigurationPlatforms) = preSolution
		Debug|Any CPU = Debug|Any CPU
		Release|Any CPU = Release|Any CPU
	EndGlobalSection
	GlobalSection(ProjectConfigurationPlatforms) = postSolution
		{9FF32847-1CE7-440C-9C08-D50A2211A694}.Debug|Any CPU.ActiveCfg = Debug|Any CPU
		{9FF32847-1CE7-440C-9C08-D50A2211A694}.Debug|Any CPU.Build.0 = Debug|Any CPU
		{9FF32847-1CE7-440C-9C08-D50A2211A694}.Release|Any CPU.ActiveCfg = Release|Any CPU
		{9FF32847-1CE7-440C-9C08-D50A2211A694}.Release|Any CPU.Build.0 = Release|Any CPU
	EndGlobalSection
	GlobalSection(SolutionProperties) = preSolution
		HideSolutionNode = FALSE
	EndGlobalSection
	GlobalSection(ExtensibilityGlobals) = postSolution
		SolutionGuid = {C29AB717-8144-4D10-A8A2-68EAE8676BA5}
	EndGlobalSection
EndGlobal
