
Microsoft Visual Studio Solution File, Format Version 12.00
# Visual Studio 15
VisualStudioVersion = 15.0.27703.2035
MinimumVisualStudioVersion = 10.0.40219.1
Project("{FAE04EC0-301F-11D3-BF4B-00C04F79EFBC}") = "SimpleRegistrationApp", "SimpleRegistrationApp\SimpleRegistrationApp.csproj", "{798BD8C6-C5CA-452C-BB17-99910347197C}"
EndProject
Global
	GlobalSection(SolutionConfigurationPlatforms) = preSolution
		Debug|Any CPU = Debug|Any CPU
		Release|Any CPU = Release|Any CPU
	EndGlobalSection
	GlobalSection(ProjectConfigurationPlatforms) = postSolution
		{798BD8C6-C5CA-452C-BB17-99910347197C}.Debug|Any CPU.ActiveCfg = Debug|Any CPU
		{798BD8C6-C5CA-452C-BB17-99910347197C}.Debug|Any CPU.Build.0 = Debug|Any CPU
		{798BD8C6-C5CA-452C-BB17-99910347197C}.Release|Any CPU.ActiveCfg = Release|Any CPU
		{798BD8C6-C5CA-452C-BB17-99910347197C}.Release|Any CPU.Build.0 = Release|Any CPU
	EndGlobalSection
	GlobalSection(SolutionProperties) = preSolution
		HideSolutionNode = FALSE
	EndGlobalSection
	GlobalSection(ExtensibilityGlobals) = postSolution
		SolutionGuid = {9CD596E7-CC93-407B-B1A0-B677EFBCE822}
	EndGlobalSection
EndGlobal
